{
  "name": "@opentabs-dev/opentabs-plugin-e2e-test",
  "version": "0.0.83",
  "lockfileVersion": 3,
  "requires": true,
  "packages": {
    "": {
      "name": "@opentabs-dev/opentabs-plugin-e2e-test",
      "version": "0.0.83",
      "license": "MIT",
      "dependencies": {
        "@opentabs-dev/plugin-sdk": "^0.0.84"
      },
      "devDependencies": {
        "@biomejs/biome": "2.4.6",
        "@opentabs-dev/plugin-tools": "^0.0.84",
        "jiti": "^2.6.1",
        "typescript": "^5.9.3",
        "zod": "^4.3.6"
      },
      "peerDependencies": {
        "zod": "^4.0.0"
      }
    },
    "node_modules/@biomejs/biome": {
      "version": "2.4.6",
      "resolved": "https://registry.npmjs.org/@biomejs/biome/-/biome-2.4.6.tgz",
      "integrity": "sha512-QnHe81PMslpy3mnpL8DnO2M4S4ZnYPkjlGCLWBZT/3R9M6b5daArWMMtEfP52/n174RKnwRIf3oT8+wc9ihSfQ==",
      "dev": true,
      "license": "MIT OR Apache-2.0",
      "bin": {
        "biome": "bin/biome"
      },
      "engines": {
        "node": ">=14.21.3"
      },
      "funding": {
        "type": "opencollective",
        "url": "https://opencollective.com/biome"
      },
      "optionalDependencies": {
        "@biomejs/cli-darwin-arm64": "2.4.6",
        "@biomejs/cli-darwin-x64": "2.4.6",
        "@biomejs/cli-linux-arm64": "2.4.6",
        "@biomejs/cli-linux-arm64-musl": "2.4.6",
        "@biomejs/cli-linux-x64": "2.4.6",
        "@biomejs/cli-linux-x64-musl": "2.4.6",
        "@biomejs/cli-win32-arm64": "2.4.6",
        "@biomejs/cli-win32-x64": "2.4.6"
      }
    },
    "node_modules/@biomejs/cli-linux-x64": {
      "version": "2.4.6",
      "resolved": "https://registry.npmjs.org/@biomejs/cli-linux-x64/-/cli-linux-x64-2.4.6.tgz",
      "integrity": "sha512-oHXmUFEoH8Lql1xfc3QkFLiC1hGR7qedv5eKNlC185or+o4/4HiaU7vYODAH3peRCfsuLr1g6v2fK9dFFOYdyw==",
      "cpu": [
        "x64"
      ],
      "dev": true,
      "license": "MIT OR Apache-2.0",
      "optional": true,
      "os": [
        "linux"
      ],
      "engines": {
        "node": ">=14.21.3"
      }
    },
    "node_modules/@biomejs/cli-linux-x64-musl": {
      "version": "2.4.6",
      "resolved": "https://registry.npmjs.org/@biomejs/cli-linux-x64-musl/-/cli-linux-x64-musl-2.4.6.tgz",
      "integrity": "sha512-C9s98IPDu7DYarjlZNuzJKTjVHN03RUnmHV5htvqsx6vEUXCDSJ59DNwjKVD5XYoSS4N+BYhq3RTBAL8X6svEg==",
      "cpu": [
        "x64"
      ],
      "dev": true,
      "license": "MIT OR Apache-2.0",
      "optional": true,
      "os": [
        "linux"
      ],
      "engines": {
        "node": ">=14.21.3"
      }
    },
    "node_modules/@esbuild/linux-x64": {
      "version": "0.27.4",
      "resolved": "https://registry.npmjs.org/@esbuild/linux-x64/-/linux-x64-0.27.4.tgz",
      "integrity": "sha512-S5qOXrKV8BQEzJPVxAwnryi2+Iq5pB40gTEIT69BQONqR7JH1EPIcQ/Uiv9mCnn05jff9umq/5nqzxlqTOg9NA==",
      "cpu": [
        "x64"
      ],
      "dev": true,
      "license": "MIT",
      "optional": true,
      "os": [
        "linux"
      ],
      "engines": {
        "node": ">=18"
      }
    },
    "node_modules/@opentabs-dev/plugin-sdk": {
      "version": "0.0.84",
      "resolved": "https://registry.npmjs.org/@opentabs-dev/plugin-sdk/-/plugin-sdk-0.0.84.tgz",
      "integrity": "sha512-5MLUIn4gCz0gbxuDP7jMkANoADQtKxeypI61ho2M2kcBiJabtpQhYShHuIWuA5gtMEHibnWkInhqrEW07+L/6w==",
      "license": "MIT",
      "dependencies": {
        "@opentabs-dev/shared": "*"
      },
      "peerDependencies": {
        "zod": "^4.0.0"
      }
    },
    "node_modules/@opentabs-dev/plugin-tools": {
      "version": "0.0.84",
      "resolved": "https://registry.npmjs.org/@opentabs-dev/plugin-tools/-/plugin-tools-0.0.84.tgz",
      "integrity": "sha512-4g0S4+sjrqPSx4w4/lVbELHeWjJRaAQweBSsRwrszZ5EVkuHLz6OP9ssg0rp996gcWn5m5Yk00myx4wh6QC3sw==",
      "dev": true,
      "license": "MIT",
      "dependencies": {
        "@opentabs-dev/plugin-sdk": "*",
        "@opentabs-dev/shared": "*",
        "commander": "^14.0.3",
        "esbuild": "^0.27.3",
        "picocolors": "^1.1.1",
        "zod": "^4.3.6"
      },
      "bin": {
        "opentabs-plugin": "dist/cli.js"
      },
      "engines": {
        "node": ">= 22.0.0"
      }
    },
    "node_modules/@opentabs-dev/shared": {
      "version": "0.0.82",
      "resolved": "https://registry.npmjs.org/@opentabs-dev/shared/-/shared-0.0.82.tgz",
      "integrity": "sha512-a3000ie59AMpDnkp1E1dJq0IfXEQ5LUJQcAjOQOe4HWLsBmmStawaDtAEP866flgLg1YbWHb08pviaPDNcAEFA==",
      "license": "MIT"
    },
    "node_modules/commander": {
      "version": "14.0.3",
      "resolved": "https://registry.npmjs.org/commander/-/commander-14.0.3.tgz",
      "integrity": "sha512-H+y0Jo/T1RZ9qPP4Eh1pkcQcLRglraJaSLoyOtHxu6AapkjWVCy2Sit1QQ4x3Dng8qDlSsZEet7g5Pq06MvTgw==",
      "dev": true,
      "license": "MIT",
      "engines": {
        "node": ">=20"
      }
    },
    "node_modules/esbuild": {
      "version": "0.27.4",
      "resolved": "https://registry.npmjs.org/esbuild/-/esbuild-0.27.4.tgz",
      "integrity": "sha512-Rq4vbHnYkK5fws5NF7MYTU68FPRE1ajX7heQ/8QXXWqNgqqJ/GkmmyxIzUnf2Sr/bakf8l54716CcMGHYhMrrQ==",
      "dev": true,
      "hasInstallScript": true,
      "license": "MIT",
      "bin": {
        "esbuild": "bin/esbuild"
      },
      "engines": {
        "node": ">=18"
      },
      "optionalDependencies": {
        "@esbuild/aix-ppc64": "0.27.4",
        "@esbuild/android-arm": "0.27.4",
        "@esbuild/android-arm64": "0.27.4",
        "@esbuild/android-x64": "0.27.4",
        "@esbuild/darwin-arm64": "0.27.4",
        "@esbuild/darwin-x64": "0.27.4",
        "@esbuild/freebsd-arm64": "0.27.4",
        "@esbuild/freebsd-x64": "0.27.4",
        "@esbuild/linux-arm": "0.27.4",
        "@esbuild/linux-arm64": "0.27.4",
        "@esbuild/linux-ia32": "0.27.4",
        "@esbuild/linux-loong64": "0.27.4",
        "@esbuild/linux-mips64el": "0.27.4",
        "@esbuild/linux-ppc64": "0.27.4",
        "@esbuild/linux-riscv64": "0.27.4",
        "@esbuild/linux-s390x": "0.27.4",
        "@esbuild/linux-x64": "0.27.4",
        "@esbuild/netbsd-arm64": "0.27.4",
        "@esbuild/netbsd-x64": "0.27.4",
        "@esbuild/openbsd-arm64": "0.27.4",
        "@esbuild/openbsd-x64": "0.27.4",
        "@esbuild/openharmony-arm64": "0.27.4",
        "@esbuild/sunos-x64": "0.27.4",
        "@esbuild/win32-arm64": "0.27.4",
        "@esbuild/win32-ia32": "0.27.4",
        "@esbuild/win32-x64": "0.27.4"
      }
    },
    "node_modules/jiti": {
      "version": "2.6.1",
      "resolved": "https://registry.npmjs.org/jiti/-/jiti-2.6.1.tgz",
      "integrity": "sha512-ekilCSN1jwRvIbgeg/57YFh8qQDNbwDb9xT/qu2DAHbFFZUicIl4ygVaAvzveMhMVr3LnpSKTNnwt8PoOfmKhQ==",
      "dev": true,
      "license": "MIT",
      "bin": {
        "jiti": "lib/jiti-cli.mjs"
      }
    },
    "node_modules/picocolors": {
      "version": "1.1.1",
      "resolved": "https://registry.npmjs.org/picocolors/-/picocolors-1.1.1.tgz",
      "integrity": "sha512-xceH2snhtb5M9liqDsmEw56le376mTZkEX/jEb/RxNFyegNul7eNslCXP9FDj/Lcu0X8KEyMceP2ntpaHrDEVA==",
      "dev": true,
      "license": "ISC"
    },
    "node_modules/typescript": {
      "version": "5.9.3",
      "resolved": "https://registry.npmjs.org/typescript/-/typescript-5.9.3.tgz",
      "integrity": "sha512-jl1vZzPDinLr9eUt3J/t7V6FgNEw9QjvBPdysz9KfQDD41fQrC2Y4vKQdiaUpFT4bXlb1RHhLpp8wtm6M5TgSw==",
      "dev": true,
      "license": "Apache-2.0",
      "bin": {
        "tsc": "bin/tsc",
        "tsserver": "bin/tsserver"
      },
      "engines": {
        "node": ">=14.17"
      }
    },
    "node_modules/zod": {
      "version": "4.3.6",
      "resolved": "https://registry.npmjs.org/zod/-/zod-4.3.6.tgz",
      "integrity": "sha512-rftlrkhHZOcjDwkGlnUtZZkvaPHCsDATp4pGpuOOMDaTdDDXF91wuVDJoWoPsKX/3YPQ5fHuF3STjcYyKr+Qhg==",
      "license": "MIT",
      "funding": {
        "url": "https://github.com/sponsors/colinhacks"
      }
    }
  }
}
